
Microsoft Visual Studio Solution File, Format Version 12.00
# Visual Studio Version 17
VisualStudioVersion = 17.0.31903.59
MinimumVisualStudioVersion = 10.0.40219.1
Project("{2150E333-8FDC-42A3-9474-1A3956D46DE8}") = "src", "src", "{827E0CD3-B72D-47B6-A68D-7590B98EB39B}"
EndProject
Project("{FAE04EC0-301F-11D3-BF4B-00C04F79EFBC}") = "Dabom", "src\Dabom\Dabom.csproj", "{76EBB90A-8698-47EE-8F96-7659567CC2BB}"
EndProject
Project("{FAE04EC0-301F-11D3-BF4B-00C04F79EFBC}") = "Dabom.Tests", "tests\Dabom.Tests\Dabom.Tests.csproj", "{83C25CB1-29F7-4DC3-AEEE-0158706A6BDA}"
EndProject
Global
	GlobalSection(SolutionConfigurationPlatforms) = preSolution
		Debug|Any CPU = Debug|Any CPU
		Debug|x64 = Debug|x64
		Debug|x86 = Debug|x86
		Release|Any CPU = Release|Any CPU
		Release|x64 = Release|x64
		Release|x86 = Release|x86
	EndGlobalSection
	GlobalSection(ProjectConfigurationPlatforms) = postSolution
		{76EBB90A-8698-47EE-8F96-7659567CC2BB}.Debug|Any CPU.ActiveCfg = Debug|Any CPU
		{76EBB90A-8698-47EE-8F96-7659567CC2BB}.Debug|Any CPU.Build.0 = Debug|Any CPU
		{76EBB90A-8698-47EE-8F96-7659567CC2BB}.Debug|x64.ActiveCfg = Debug|Any CPU
		{76EBB90A-8698-47EE-8F96-7659567CC2BB}.Debug|x64.Build.0 = Debug|Any CPU
		{76EBB90A-8698-47EE-8F96-7659567CC2BB}.Debug|x86.ActiveCfg = Debug|Any CPU
		{76EBB90A-8698-47EE-8F96-7659567CC2BB}.Debug|x86.Build.0 = Debug|Any CPU
		{76EBB90A-8698-47EE-8F96-7659567CC2BB}.Release|Any CPU.ActiveCfg = Release|Any CPU
		{76EBB90A-8698-47EE-8F96-7659567CC2BB}.Release|Any CPU.Build.0 = Release|Any CPU
		{76EBB90A-8698-47EE-8F96-7659567CC2BB}.Release|x64.ActiveCfg = Release|Any CPU
		{76EBB90A-8698-47EE-8F96-7659567CC2BB}.Release|x64.Build.0 = Release|Any CPU
		{76EBB90A-8698-47EE-8F96-7659567CC2BB}.Release|x86.ActiveCfg = Release|Any CPU
		{76EBB90A-8698-47EE-8F96-7659567CC2BB}.Release|x86.Build.0 = Release|Any CPU
		{83C25CB1-29F7-4DC3-AEEE-0158706A6BDA}.Debug|Any CPU.ActiveCfg = Debug|Any CPU
		{83C25CB1-29F7-4DC3-AEEE-0158706A6BDA}.Debug|Any CPU.Build.0 = Debug|Any CPU
		{83C25CB1-29F7-4DC3-AEEE-0158706A6BDA}.Debug|x64.ActiveCfg = Debug|Any CPU
		{83C25CB1-29F7-4DC3-AEEE-0158706A6BDA}.Debug|x64.Build.0 = Debug|Any CPU
		{83C25CB1-29F7-4DC3-AEEE-0158706A6BDA}.Debug|x86.ActiveCfg = Debug|Any CPU
		{83C25CB1-29F7-4DC3-AEEE-0158706A6BDA}.Debug|x86.Build.0 = Debug|Any CPU
		{83C25CB1-29F7-4DC3-AEEE-0158706A6BDA}.Release|Any CPU.ActiveCfg = Release|Any CPU
		{83C25CB1-29F7-4DC3-AEEE-0158706A6BDA}.Release|Any CPU.Build.0 = Release|Any CPU
		{83C25CB1-29F7-4DC3-AEEE-0158706A6BDA}.Release|x64.ActiveCfg = Release|Any CPU
		{83C25CB1-29F7-4DC3-AEEE-0158706A6BDA}.Release|x64.Build.0 = Release|Any CPU
		{83C25CB1-29F7-4DC3-AEEE-0158706A6BDA}.Release|x86.ActiveCfg = Release|Any CPU
		{83C25CB1-29F7-4DC3-AEEE-0158706A6BDA}.Release|x86.Build.0 = Release|Any CPU
	EndGlobalSection
	GlobalSection(SolutionProperties) = preSolution
		HideSolutionNode = FALSE
	EndGlobalSection
	GlobalSection(NestedProjects) = preSolution
		{76EBB90A-8698-47EE-8F96-7659567CC2BB} = {827E0CD3-B72D-47B6-A68D-7590B98EB39B}
		{83C25CB1-29F7-4DC3-AEEE-0158706A6BDA} = {827E0CD3-B72D-47B6-A68D-7590B98EB39B}
	EndGlobalSection
EndGlobal
